// !$*UTF8*$!
{
	archiveVersion = 1;
	classes = {
	};
	objectVersion = 46;
	objects = {

/* Begin PBXFileReference section */
		CC4EE71E1F150B8B00D6C545 /* Man.h */ = {isa = PBXFileReference; lastKnownFileType = sourcecode.c.h; path = Man.h; sourceTree = "<group>"; };
		CC4EE71F1F150BB300D6C545 /* main.cpp */ = {isa = PBXFileReference; lastKnownFileType = sourcecode.cpp.cpp; path = main.cpp; sourceTree = "<group>"; };
		CC4EE7201F15129300D6C545 /* Man.cpp */ = {isa = PBXFileReference; lastKnownFileType = sourcecode.cpp.cpp; path = Man.cpp; sourceTree = "<group>"; };
/* End PBXFileReference section */

/* Begin PBXGroup section */
		CC4EE7171F150B1300D6C545 = {
			isa = PBXGroup;
			children = (
				CC4EE7201F15129300D6C545 /* Man.cpp */,
				CC4EE71F1F150BB300D6C545 /* main.cpp */,
				CC4EE71E1F150B8B00D6C545 /* Man.h */,
			);
			sourceTree = "<group>";
		};
/* End PBXGroup section */

/* Begin PBXProject section */
		CC4EE7181F150B1300D6C545 /* Project object */ = {
			isa = PBXProject;
			attributes = {
				LastUpgradeCheck = 0830;
			};
			buildConfigurationList = CC4EE71B1F150B1300D6C545 /* Build configuration list for PBXProject "Task_1-1" */;
			compatibilityVersion = "Xcode 3.2";
			developmentRegion = English;
			hasScannedForEncodings = 0;
			knownRegions = (
				en,
			);
			mainGroup = CC4EE7171F150B1300D6C545;
			projectDirPath = "";
			projectRoot = "";
			targets = (
			);
		};
/* End PBXProject section */

/* Begin XCBuildConfiguration section */
		CC4EE71C1F150B1300D6C545 /* Debug */ = {
			isa = XCBuildConfiguration;
			buildSettings = {
			};
			name = Debug;
		};
		CC4EE71D1F150B1300D6C545 /* Release */ = {
			isa = XCBuildConfiguration;
			buildSettings = {
			};
			name = Release;
		};
/* End XCBuildConfiguration section */

/* Begin XCConfigurationList section */
		CC4EE71B1F150B1300D6C545 /* Build configuration list for PBXProject "Task_1-1" */ = {
			isa = XCConfigurationList;
			buildConfigurations = (
				CC4EE71C1F150B1300D6C545 /* Debug */,
				CC4EE71D1F150B1300D6C545 /* Release */,
			);
			defaultConfigurationIsVisible = 0;
			defaultConfigurationName = Debug;
		};
/* End XCConfigurationList section */
	};
	rootObject = CC4EE7181F150B1300D6C545 /* Project object */;
}
