
Microsoft Visual Studio Solution File, Format Version 12.00
# Visual Studio 15
VisualStudioVersion = 15.0.27703.2018
MinimumVisualStudioVersion = 10.0.40219.1
Project("{8BC9CEB8-8B4A-11D0-8D11-00A0C91BC942}") = "5_3_c_style", "5_3_c_style\5_3_c_style.vcxproj", "{9AF1DBDB-C5CA-4FC7-9A86-B60D1A1A3B06}"
EndProject
Project("{8BC9CEB8-8B4A-11D0-8D11-00A0C91BC942}") = "5_hw_var3", "5_hw_var3\5_hw_var3.vcxproj", "{EDECCD8B-EE7C-403A-A4C3-28F6D4E9BB42}"
EndProject
Global
	GlobalSection(SolutionConfigurationPlatforms) = preSolution
		Debug|x64 = Debug|x64
		Debug|x86 = Debug|x86
		Release|x64 = Release|x64
		Release|x86 = Release|x86
	EndGlobalSection
	GlobalSection(ProjectConfigurationPlatforms) = postSolution
		{9AF1DBDB-C5CA-4FC7-9A86-B60D1A1A3B06}.Debug|x64.ActiveCfg = Debug|x64
		{9AF1DBDB-C5CA-4FC7-9A86-B60D1A1A3B06}.Debug|x64.Build.0 = Debug|x64
		{9AF1DBDB-C5CA-4FC7-9A86-B60D1A1A3B06}.Debug|x86.ActiveCfg = Debug|Win32
		{9AF1DBDB-C5CA-4FC7-9A86-B60D1A1A3B06}.Debug|x86.Build.0 = Debug|Win32
		{9AF1DBDB-C5CA-4FC7-9A86-B60D1A1A3B06}.Release|x64.ActiveCfg = Release|x64
		{9AF1DBDB-C5CA-4FC7-9A86-B60D1A1A3B06}.Release|x64.Build.0 = Release|x64
		{9AF1DBDB-C5CA-4FC7-9A86-B60D1A1A3B06}.Release|x86.ActiveCfg = Release|Win32
		{9AF1DBDB-C5CA-4FC7-9A86-B60D1A1A3B06}.Release|x86.Build.0 = Release|Win32
		{EDECCD8B-EE7C-403A-A4C3-28F6D4E9BB42}.Debug|x64.ActiveCfg = Debug|x64
		{EDECCD8B-EE7C-403A-A4C3-28F6D4E9BB42}.Debug|x64.Build.0 = Debug|x64
		{EDECCD8B-EE7C-403A-A4C3-28F6D4E9BB42}.Debug|x86.ActiveCfg = Debug|Win32
		{EDECCD8B-EE7C-403A-A4C3-28F6D4E9BB42}.Debug|x86.Build.0 = Debug|Win32
		{EDECCD8B-EE7C-403A-A4C3-28F6D4E9BB42}.Release|x64.ActiveCfg = Release|x64
		{EDECCD8B-EE7C-403A-A4C3-28F6D4E9BB42}.Release|x64.Build.0 = Release|x64
		{EDECCD8B-EE7C-403A-A4C3-28F6D4E9BB42}.Release|x86.ActiveCfg = Release|Win32
		{EDECCD8B-EE7C-403A-A4C3-28F6D4E9BB42}.Release|x86.Build.0 = Release|Win32
	EndGlobalSection
	GlobalSection(SolutionProperties) = preSolution
		HideSolutionNode = FALSE
	EndGlobalSection
	GlobalSection(ExtensibilityGlobals) = postSolution
		SolutionGuid = {ED8FC8C6-3915-4914-9D78-3D28AC3B7B1D}
	EndGlobalSection
EndGlobal
